lockVersion: 2.0.0
id: 1f5ed7fa-f6dc-4b57-b963-0f26827662f8
management:
  docChecksum: d307c2697212089dff758d42db18918e
  docVersion: "202202"
  speakeasyVersion: 1.502.0
  generationVersion: 2.524.1
  releaseVersion: 0.3.2
  configChecksum: d317d718ca53b267d8f8a8f042547884
  repoURL: https://github.com/cyberadar/terraform-provider-xshield.git
features:
  terraform:
    additionalDependencies: 0.1.0
    core: 3.33.0
    envVarSecurityUsage: 0.1.0
    globalSecurity: 2.81.10
    globalServerURLs: 2.82.1
    nameOverrides: 2.81.2
    retries: 2.81.2
    serverIDs: 2.81.1
generatedFiles:
  - .gitattributes
  - USAGE.md
  - examples/README.md
  - examples/data-sources/xshield_asset/data-source.tf
  - examples/data-sources/xshield_named_network/data-source.tf
  - examples/data-sources/xshield_segment/data-source.tf
  - examples/data-sources/xshield_tag_rule/data-source.tf
  - examples/data-sources/xshield_template/data-source.tf
  - examples/provider/provider.tf
  - examples/resources/xshield_asset/import.sh
  - examples/resources/xshield_asset/resource.tf
  - examples/resources/xshield_named_network/import.sh
  - examples/resources/xshield_named_network/resource.tf
  - examples/resources/xshield_segment/import.sh
  - examples/resources/xshield_segment/resource.tf
  - examples/resources/xshield_tag_rule/import.sh
  - examples/resources/xshield_tag_rule/resource.tf
  - examples/resources/xshield_template/import.sh
  - examples/resources/xshield_template/resource.tf
  - go.mod
  - go.sum
  - internal/planmodifiers/boolplanmodifier/suppress_diff.go
  - internal/planmodifiers/float32planmodifier/suppress_diff.go
  - internal/planmodifiers/float64planmodifier/suppress_diff.go
  - internal/planmodifiers/int32planmodifier/suppress_diff.go
  - internal/planmodifiers/int64planmodifier/suppress_diff.go
  - internal/planmodifiers/listplanmodifier/suppress_diff.go
  - internal/planmodifiers/mapplanmodifier/suppress_diff.go
  - internal/planmodifiers/numberplanmodifier/suppress_diff.go
  - internal/planmodifiers/objectplanmodifier/suppress_diff.go
  - internal/planmodifiers/setplanmodifier/suppress_diff.go
  - internal/planmodifiers/stringplanmodifier/suppress_diff.go
  - internal/planmodifiers/utils/state_check.go
  - internal/provider/asset_data_source.go
  - internal/provider/asset_data_source_sdk.go
  - internal/provider/asset_resource.go
  - internal/provider/asset_resource_sdk.go
  - internal/provider/namednetwork_data_source.go
  - internal/provider/namednetwork_data_source_sdk.go
  - internal/provider/namednetwork_resource.go
  - internal/provider/namednetwork_resource_sdk.go
  - internal/provider/provider.go
  - internal/provider/reflect/diags.go
  - internal/provider/reflect/doc.go
  - internal/provider/reflect/generic_attr_value.go
  - internal/provider/reflect/helpers.go
  - internal/provider/reflect/interfaces.go
  - internal/provider/reflect/into.go
  - internal/provider/reflect/map.go
  - internal/provider/reflect/number.go
  - internal/provider/reflect/options.go
  - internal/provider/reflect/outof.go
  - internal/provider/reflect/pointer.go
  - internal/provider/reflect/primitive.go
  - internal/provider/reflect/slice.go
  - internal/provider/reflect/struct.go
  - internal/provider/segment_data_source.go
  - internal/provider/segment_data_source_sdk.go
  - internal/provider/segment_resource.go
  - internal/provider/segment_resource_sdk.go
  - internal/provider/tagrule_data_source.go
  - internal/provider/tagrule_data_source_sdk.go
  - internal/provider/tagrule_resource.go
  - internal/provider/tagrule_resource_sdk.go
  - internal/provider/template_data_source.go
  - internal/provider/template_data_source_sdk.go
  - internal/provider/template_resource.go
  - internal/provider/template_resource_sdk.go
  - internal/provider/types/asset_group.go
  - internal/provider/types/asset_user.go
  - internal/provider/types/metadata_named_network_reference.go
  - internal/provider/types/metadata_path.go
  - internal/provider/types/metadata_port.go
  - internal/provider/types/metadata_tag_based_policy_reference.go
  - internal/provider/types/namednetwork_range.go
  - internal/provider/types/network_interface.go
  - internal/provider/types/pending_changes.go
  - internal/provider/types/review_coverage.go
  - internal/provider/types/tag.go
  - internal/provider/types/tag_based_policy_milestone.go
  - internal/provider/types/template_reference.go
  - internal/provider/utils.go
  - internal/sdk/.gitattributes
  - internal/sdk/assets.go
  - internal/sdk/events.go
  - internal/sdk/internal/hooks/hooks.go
  - internal/sdk/internal/utils/contenttype.go
  - internal/sdk/internal/utils/env.go
  - internal/sdk/internal/utils/form.go
  - internal/sdk/internal/utils/headers.go
  - internal/sdk/internal/utils/json.go
  - internal/sdk/internal/utils/pathparams.go
  - internal/sdk/internal/utils/queryparams.go
  - internal/sdk/internal/utils/requestbody.go
  - internal/sdk/internal/utils/retries.go
  - internal/sdk/internal/utils/security.go
  - internal/sdk/internal/utils/utils.go
  - internal/sdk/metadata.go
  - internal/sdk/models/errors/sdkerror.go
  - internal/sdk/models/operations/addtonamednetwork.go
  - internal/sdk/models/operations/annotateasset.go
  - internal/sdk/models/operations/appendtotemplate.go
  - internal/sdk/models/operations/applynamednetwork.go
  - internal/sdk/models/operations/applytemplate.go
  - internal/sdk/models/operations/automationconfiguration.go
  - internal/sdk/models/operations/bulkannotateasset.go
  - internal/sdk/models/operations/bulkconfigurezerotrust.go
  - internal/sdk/models/operations/bulkdeleteassets.go
  - internal/sdk/models/operations/bulkdeleteunmanageddevices.go
  - internal/sdk/models/operations/bulknamednetworkapply.go
  - internal/sdk/models/operations/bulknamednetworkunapply.go
  - internal/sdk/models/operations/bulkreviewpaths.go
  - internal/sdk/models/operations/bulkreviewports.go
  - internal/sdk/models/operations/bulksynchronizeassetzerotrust.go
  - internal/sdk/models/operations/bulktemplateapply.go
  - internal/sdk/models/operations/bulktemplateunapply.go
  - internal/sdk/models/operations/clonenamednetwork.go
  - internal/sdk/models/operations/clonetagbasedpolicy.go
  - internal/sdk/models/operations/clonetemplate.go
  - internal/sdk/models/operations/configurezerotrust.go
  - internal/sdk/models/operations/createfield.go
  - internal/sdk/models/operations/createnamednetwork.go
  - internal/sdk/models/operations/createtagbasedpolicy.go
  - internal/sdk/models/operations/createtagrule.go
  - internal/sdk/models/operations/createtemplate.go
  - internal/sdk/models/operations/deletefield.go
  - internal/sdk/models/operations/deletefromnamednetwork.go
  - internal/sdk/models/operations/deletefromtemplate.go
  - internal/sdk/models/operations/deletenamednetwork.go
  - internal/sdk/models/operations/deletetag.go
  - internal/sdk/models/operations/deletetagbasedpolicy.go
  - internal/sdk/models/operations/deletetagrule.go
  - internal/sdk/models/operations/deletetemplate.go
  - internal/sdk/models/operations/edittemplatemetadata.go
  - internal/sdk/models/operations/getasset.go
  - internal/sdk/models/operations/getassetidentity.go
  - internal/sdk/models/operations/getassettag.go
  - internal/sdk/models/operations/getfield.go
  - internal/sdk/models/operations/getfirewallrules.go
  - internal/sdk/models/operations/getnamednetwork.go
  - internal/sdk/models/operations/gettag.go
  - internal/sdk/models/operations/gettagbasedpolicy.go
  - internal/sdk/models/operations/gettagrule.go
  - internal/sdk/models/operations/gettagruleassets.go
  - internal/sdk/models/operations/gettemplate.go
  - internal/sdk/models/operations/listassets.go
  - internal/sdk/models/operations/listassettags.go
  - internal/sdk/models/operations/listbasicassets.go
  - internal/sdk/models/operations/listevents.go
  - internal/sdk/models/operations/listfields.go
  - internal/sdk/models/operations/listfirewallrulessnapshots.go
  - internal/sdk/models/operations/listnamednetworks.go
  - internal/sdk/models/operations/listnnhits.go
  - internal/sdk/models/operations/listpathnamednetworkrecommendations.go
  - internal/sdk/models/operations/listpaths.go
  - internal/sdk/models/operations/listpathswithchangedreview.go
  - internal/sdk/models/operations/listpathswithfirewalllogsreported.go
  - internal/sdk/models/operations/listports.go
  - internal/sdk/models/operations/listportswithchangedreview.go
  - internal/sdk/models/operations/listrecommendations.go
  - internal/sdk/models/operations/listsecuritypatches.go
  - internal/sdk/models/operations/listtagbasedpolicies.go
  - internal/sdk/models/operations/listtagrules.go
  - internal/sdk/models/operations/listtags.go
  - internal/sdk/models/operations/listtemplates.go
  - internal/sdk/models/operations/listusrgrphits.go
  - internal/sdk/models/operations/listvulnerabilities.go
  - internal/sdk/models/operations/listvulnerablepackages.go
  - internal/sdk/models/operations/listworkrequests.go
  - internal/sdk/models/operations/networkquery.go
  - internal/sdk/models/operations/options.go
  - internal/sdk/models/operations/query.go
  - internal/sdk/models/operations/refreshprogressiveconfiguration.go
  - internal/sdk/models/operations/revertnamednetwork.go
  - internal/sdk/models/operations/reverttemplate.go
  - internal/sdk/models/operations/reviewpath.go
  - internal/sdk/models/operations/reviewport.go
  - internal/sdk/models/operations/searchunmanageddevices.go
  - internal/sdk/models/operations/synchronizeassetzerotrust.go
  - internal/sdk/models/operations/updateasset.go
  - internal/sdk/models/operations/updatefield.go
  - internal/sdk/models/operations/updatenamednetworkmetadata.go
  - internal/sdk/models/operations/updatetagbasedpolicymetadata.go
  - internal/sdk/models/operations/updatetagrule.go
  - internal/sdk/models/operations/uploadfirewallrules.go
  - internal/sdk/models/shared/apitemplatepayloadhashes.go
  - internal/sdk/models/shared/applynamednetworksearchinput.go
  - internal/sdk/models/shared/applytemplatesearchinput.go
  - internal/sdk/models/shared/assetannotationdetails.go
  - internal/sdk/models/shared/assetdetails.go
  - internal/sdk/models/shared/assetgroup.go
  - internal/sdk/models/shared/assetidinfo.go
  - internal/sdk/models/shared/assetsearchresults.go
  - internal/sdk/models/shared/assetstatetransitioninput.go
  - internal/sdk/models/shared/assetstatetransitionsearchinput.go
  - internal/sdk/models/shared/assetsummary.go
  - internal/sdk/models/shared/assetsynchronization.go
  - internal/sdk/models/shared/assetsynchronizationsearchinput.go
  - internal/sdk/models/shared/assetuser.go
  - internal/sdk/models/shared/bulkassetannotationdetails.go
  - internal/sdk/models/shared/bulkdeleteassetsinput.go
  - internal/sdk/models/shared/bulkdeletedevicesinput.go
  - internal/sdk/models/shared/cloneoptions.go
  - internal/sdk/models/shared/clonetagbasedpolicyinput.go
  - internal/sdk/models/shared/clonetemplatedetails.go
  - internal/sdk/models/shared/createassetdetails.go
  - internal/sdk/models/shared/cvedata.go
  - internal/sdk/models/shared/cvedataresults.go
  - internal/sdk/models/shared/datatypestype.go
  - internal/sdk/models/shared/devazurecomcolortokensassetpkgsecuritypatch.go
  - internal/sdk/models/shared/errorresponse.go
  - internal/sdk/models/shared/event.go
  - internal/sdk/models/shared/eventsearchresults.go
  - internal/sdk/models/shared/extendedassetsummary.go
  - internal/sdk/models/shared/facet.go
  - internal/sdk/models/shared/field.go
  - internal/sdk/models/shared/fieldsuggestion.go
  - internal/sdk/models/shared/filelist.go
  - internal/sdk/models/shared/membershiplist.go
  - internal/sdk/models/shared/metadatacolumndescriptor.go
  - internal/sdk/models/shared/metadatafieldvalue.go
  - internal/sdk/models/shared/metadatanamednetworkreference.go
  - internal/sdk/models/shared/metadatapath.go
  - internal/sdk/models/shared/metadataport.go
  - internal/sdk/models/shared/metadataportstate.go
  - internal/sdk/models/shared/metadatatagbasedpolicyreference.go
  - internal/sdk/models/shared/metricresults.go
  - internal/sdk/models/shared/metricsearchinput.go
  - internal/sdk/models/shared/namednetworkclonenamednetwork.go
  - internal/sdk/models/shared/namednetworkhit.go
  - internal/sdk/models/shared/namednetworkhits.go
  - internal/sdk/models/shared/namednetworkinput.go
  - internal/sdk/models/shared/namednetworknamednetwork.go
  - internal/sdk/models/shared/namednetworkrange.go
  - internal/sdk/models/shared/namednetworks.go
  - internal/sdk/models/shared/networkinterface.go
  - internal/sdk/models/shared/networkmapsearchinput.go
  - internal/sdk/models/shared/objectstorageblob.go
  - internal/sdk/models/shared/openport.go
  - internal/sdk/models/shared/openports.go
  - internal/sdk/models/shared/orderby.go
  - internal/sdk/models/shared/paginationconfig.go
  - internal/sdk/models/shared/paginationinfo.go
  - internal/sdk/models/shared/paginationsummary.go
  - internal/sdk/models/shared/path.go
  - internal/sdk/models/shared/paths.go
  - internal/sdk/models/shared/pathsearchinput.go
  - internal/sdk/models/shared/pathsearchonlyinput.go
  - internal/sdk/models/shared/pathsnamednetworkrecommendation.go
  - internal/sdk/models/shared/pathsnamednetworkrecommendations.go
  - internal/sdk/models/shared/pathstatetransitionsearchinput.go
  - internal/sdk/models/shared/pendingchanges.go
  - internal/sdk/models/shared/portstatetransitionsearchinput.go
  - internal/sdk/models/shared/recommendation.go
  - internal/sdk/models/shared/recommendationcategory.go
  - internal/sdk/models/shared/recommendationinput.go
  - internal/sdk/models/shared/recommendations.go
  - internal/sdk/models/shared/reviewcoverage.go
  - internal/sdk/models/shared/searchinput.go
  - internal/sdk/models/shared/security.go
  - internal/sdk/models/shared/securitypatchesresults.go
  - internal/sdk/models/shared/securitypatchsearchinput.go
  - internal/sdk/models/shared/sortorder.go
  - internal/sdk/models/shared/statetransitioninput.go
  - internal/sdk/models/shared/tag.go
  - internal/sdk/models/shared/tagbasedpolicies.go
  - internal/sdk/models/shared/tagbasedpolicy.go
  - internal/sdk/models/shared/tagbasedpolicymilestone.go
  - internal/sdk/models/shared/tagbasedpolicyresponse.go
  - internal/sdk/models/shared/tagbasedpolicysummary.go
  - internal/sdk/models/shared/tagrule.go
  - internal/sdk/models/shared/tagruleinput.go
  - internal/sdk/models/shared/tagrules.go
  - internal/sdk/models/shared/tags.go
  - internal/sdk/models/shared/template.go
  - internal/sdk/models/shared/templatebodywithcomment.go
  - internal/sdk/models/shared/templateinput.go
  - internal/sdk/models/shared/templatereference.go
  - internal/sdk/models/shared/templates.go
  - internal/sdk/models/shared/templatesummary.go
  - internal/sdk/models/shared/typeaheadsuggestions.go
  - internal/sdk/models/shared/unmanageddevicessearchresults.go
  - internal/sdk/models/shared/unmanageddevicesummary.go
  - internal/sdk/models/shared/usergrouphit.go
  - internal/sdk/models/shared/usergrouphits.go
  - internal/sdk/models/shared/vulnerabilitiesrequestdata.go
  - internal/sdk/models/shared/vulnerablepackagedata.go
  - internal/sdk/models/shared/vulnerablepackagesresults.go
  - internal/sdk/models/shared/workrequestchangestatus.go
  - internal/sdk/models/shared/workrequests.go
  - internal/sdk/models/shared/workrequestworkitemaction.go
  - internal/sdk/models/shared/workrequestworkrequest.go
  - internal/sdk/namednetworks.go
  - internal/sdk/openports.go
  - internal/sdk/paths.go
  - internal/sdk/recommendations.go
  - internal/sdk/retry/config.go
  - internal/sdk/tagbasedpolicies.go
  - internal/sdk/tagrules.go
  - internal/sdk/tags.go
  - internal/sdk/templates.go
  - internal/sdk/types/bigint.go
  - internal/sdk/types/date.go
  - internal/sdk/types/datetime.go
  - internal/sdk/types/decimal.go
  - internal/sdk/types/pointers.go
  - internal/sdk/unmanageddevice.go
  - internal/sdk/usergroups.go
  - internal/sdk/workrequests.go
  - internal/sdk/xshield.go
  - internal/validators/DateValidator.go
  - internal/validators/ExactlyOneChild.go
  - internal/validators/JSONParseValidator.go
  - internal/validators/RFC3339Validator.go
  - internal/validators/boolvalidators/not_null.go
  - internal/validators/float32validators/not_null.go
  - internal/validators/float64validators/not_null.go
  - internal/validators/int32validators/not_null.go
  - internal/validators/int64validators/not_null.go
  - internal/validators/listvalidators/not_null.go
  - internal/validators/mapvalidators/not_null.go
  - internal/validators/numbervalidators/not_null.go
  - internal/validators/objectvalidators/not_null.go
  - internal/validators/setvalidators/not_null.go
  - internal/validators/stringvalidators/not_null.go
  - main.go
  - terraform-registry-manifest.json
  - tools/tools.go
examples:
  Query:
    speakeasy-default-query:
      requestBody:
        application/json: {"criteria": "<value>"}
      responses:
        "400":
          application/json: {"message": "Invalid Input", "status": 400}
        "500":
          application/json: {"message": "Invalid Input", "status": 400}
  BulkDeleteAssets:
    speakeasy-default-bulk-delete-assets:
      requestBody:
        application/json: {}
      responses:
        "200":
          application/json: [{"assetName": "myhostname.company.com", "cloudTags": [{"key": "Environment", "value": "Development"}, {"key": "Environment", "value": "Development"}, {"key": "Environment", "value": "Development"}], "tags": [{"key": "Environment", "value": "Development"}], "type": "<value>"}, {"assetName": "myhostname.company.com", "cloudTags": [{"key": "Environment", "value": "Development"}, {"key": "Environment", "value": "Development"}, {"key": "Environment", "value": "Development"}], "tags": [{"key": "Environment", "value": "Development"}], "type": "<value>"}]
        "400":
          application/json: {"message": "Invalid Input", "status": 400}
        "500":
          application/json: {"message": "Invalid Input", "status": 400}
  GetAsset:
    speakeasy-default-get-asset:
      parameters:
        path:
          assetId: "<id>"
      responses:
        "200":
          application/json: {"assetName": "myhostname.company.com", "cloudTags": [{"key": "Environment", "value": "Development"}, {"key": "Environment", "value": "Development"}], "tags": [{"key": "Environment", "value": "Development"}, {"key": "Environment", "value": "Development"}], "type": "<value>"}
        "400":
          application/json: {"message": "Invalid Input", "status": 400}
        "500":
          application/json: {"message": "Invalid Input", "status": 400}
  UpdateAsset:
    speakeasy-default-update-asset:
      parameters:
        path:
          assetId: "<id>"
      requestBody:
        application/json: {"assetName": "myhostname.company.com", "type": "<value>"}
      responses:
        "200":
          application/json: {"assetName": "myhostname.company.com", "cloudTags": [{"key": "Environment", "value": "Development"}, {"key": "Environment", "value": "Development"}], "tags": [{"key": "Environment", "value": "Development"}], "type": "<value>"}
        "400":
          application/json: {"message": "Invalid Input", "status": 400}
        "500":
          application/json: {"message": "Invalid Input", "status": 400}
  AnnotateAsset:
    speakeasy-default-annotate-asset:
      parameters:
        path:
          assetId: "<id>"
      requestBody:
        application/json: {}
      responses:
        "400":
          application/json: {"message": "Invalid Input", "status": 400}
        "500":
          application/json: {"message": "Invalid Input", "status": 400}
  ListFirewallRulesSnapshots:
    speakeasy-default-list-firewall-rules-snapshots:
      parameters:
        path:
          assetId: "<id>"
      responses:
        "400":
          application/json: {"message": "Invalid Input", "status": 400}
        "500":
          application/json: {"message": "Invalid Input", "status": 400}
  UploadFirewallRules:
    speakeasy-default-upload-firewall-rules:
      parameters:
        path:
          assetId: "<id>"
      responses:
        "400":
          application/json: {"message": "Invalid Input", "status": 400}
        "500":
          application/json: {"message": "Invalid Input", "status": 400}
  GetFirewallRules:
    speakeasy-default-get-firewall-rules:
      parameters:
        path:
          assetId: "<id>"
          objectname: "<value>"
  ListSecurityPatches:
    speakeasy-default-list-security-patches:
      parameters:
        path:
          assetId: "<id>"
      requestBody:
        application/json: {}
      responses:
        "400":
          application/json: {"message": "Invalid Input", "status": 400}
        "500":
          application/json: {"message": "Invalid Input", "status": 400}
  SynchronizeAssetZeroTrust:
    speakeasy-default-synchronize-asset-zero-trust:
      parameters:
        path:
          assetId: "<id>"
      requestBody:
        application/json: {}
      responses:
        "400":
          application/json: {"message": "Invalid Input", "status": 400}
        "500":
          application/json: {"message": "Invalid Input", "status": 400}
  ListVulnerabilities:
    speakeasy-default-list-vulnerabilities:
      parameters:
        path:
          assetId: "<id>"
      requestBody:
        application/json: {}
      responses:
        "400":
          application/json: {"message": "Invalid Input", "status": 400}
        "500":
          application/json: {"message": "Invalid Input", "status": 400}
  ListVulnerablePackages:
    speakeasy-default-list-vulnerable-packages:
      parameters:
        path:
          assetId: "<id>"
      requestBody:
        application/json: {}
      responses:
        "400":
          application/json: {"message": "Invalid Input", "status": 400}
        "500":
          application/json: {"message": "Invalid Input", "status": 400}
  ConfigureZeroTrust:
    speakeasy-default-configure-zero-trust:
      parameters:
        path:
          assetId: "<id>"
      requestBody:
        application/json: {}
      responses:
        "400":
          application/json: {"message": "Invalid Input", "status": 400}
        "500":
          application/json: {"message": "Invalid Input", "status": 400}
  ListAssets:
    speakeasy-default-list-assets:
      requestBody:
        application/json: {"criteria": "<value>"}
      responses:
        "200":
          application/json: {"items": [{"assetName": "myhostname.company.com", "type": "<value>"}, {"assetName": "myhostname.company.com", "type": "<value>"}, {"assetName": "myhostname.company.com", "type": "<value>"}]}
        "400":
          application/json: {"message": "Invalid Input", "status": 400}
        "500":
          application/json: {"message": "Invalid Input", "status": 400}
  BulkAnnotateAsset:
    speakeasy-default-bulk-annotate-asset:
      requestBody:
        application/json: {"criteria": "<value>"}
      responses:
        "400":
          application/json: {"message": "Invalid Input", "status": 400}
        "500":
          application/json: {"message": "Invalid Input", "status": 400}
  ListBasicAssets:
    speakeasy-default-list-basic-assets:
      requestBody:
        application/json: {"criteria": "<value>"}
      responses:
        "200":
          application/json: {"items": [{"assetName": "myhostname.company.com", "type": "<value>"}, {"assetName": "myhostname.company.com", "type": "<value>"}]}
        "400":
          application/json: {"message": "Invalid Input", "status": 400}
        "500":
          application/json: {"message": "Invalid Input", "status": 400}
  GetAssetIdentity:
    speakeasy-default-get-asset-identity:
      responses:
        "400":
          application/json: {"message": "Invalid Input", "status": 400}
        "500":
          application/json: {"message": "Invalid Input", "status": 400}
  BulkSynchronizeAssetZeroTrust:
    speakeasy-default-bulk-synchronize-asset-zero-trust:
      requestBody:
        application/json: {"criteria": "<value>"}
      responses:
        "400":
          application/json: {"message": "Invalid Input", "status": 400}
        "500":
          application/json: {"message": "Invalid Input", "status": 400}
  BulkConfigureZeroTrust:
    speakeasy-default-bulk-configure-zero-trust:
      requestBody:
        application/json: {"criteria": "<value>"}
      responses:
        "400":
          application/json: {"message": "Invalid Input", "status": 400}
        "500":
          application/json: {"message": "Invalid Input", "status": 400}
  NetworkQuery:
    speakeasy-default-network-query:
      requestBody:
        application/json: {"criteria": "<value>"}
      responses:
        "400":
          application/json: {"message": "Invalid Input", "status": 400}
        "500":
          application/json: {"message": "Invalid Input", "status": 400}
  ListPortsWithChangedReview:
    speakeasy-default-list-ports-with-changed-review:
      requestBody:
        application/json: {"criteria": "<value>"}
      responses:
        "200":
          application/json: {"items": [{"listenAsset": {"assetName": "myhostname.company.com", "type": "<value>"}}, {"listenAsset": {"assetName": "myhostname.company.com", "type": "<value>"}}]}
        "400":
          application/json: {"message": "Invalid Input", "status": 400}
        "500":
          application/json: {"message": "Invalid Input", "status": 400}
  ListPorts:
    speakeasy-default-list-ports:
      requestBody:
        application/json: {"criteria": "<value>"}
      responses:
        "200":
          application/json: {"items": [{"listenAsset": {"assetName": "myhostname.company.com", "type": "<value>"}}, {"listenAsset": {"assetName": "myhostname.company.com", "type": "<value>"}}]}
        "400":
          application/json: {"message": "Invalid Input", "status": 400}
        "500":
          application/json: {"message": "Invalid Input", "status": 400}
  ReviewPort:
    speakeasy-default-review-port:
      parameters:
        path:
          portId: "<id>"
      requestBody:
        application/json: {"toState": "<value>"}
      responses:
        "400":
          application/json: {"message": "Invalid Input", "status": 400}
        "500":
          application/json: {"message": "Invalid Input", "status": 400}
  BulkReviewPorts:
    speakeasy-default-bulk-review-ports:
      requestBody:
        application/json: {"criteria": "<value>", "toState": "<value>"}
      responses:
        "400":
          application/json: {"message": "Invalid Input", "status": 400}
        "500":
          application/json: {"message": "Invalid Input", "status": 400}
  ListPathsWithFirewallLogsReported:
    speakeasy-default-list-paths-with-firewall-logs-reported:
      requestBody:
        application/json: {"criteria": "<value>"}
      responses:
        "200":
          application/json: {"items": [{"destinationAsset": {"assetName": "myhostname.company.com", "type": "<value>"}, "sourceAsset": {"assetName": "myhostname.company.com", "type": "<value>"}}]}
        "400":
          application/json: {"message": "Invalid Input", "status": 400}
        "500":
          application/json: {"message": "Invalid Input", "status": 400}
  ListPathsWithChangedReview:
    speakeasy-default-list-paths-with-changed-review:
      parameters:
        path:
          assetid: "<id>"
      requestBody:
        application/json: {"criteria": "<value>"}
      responses:
        "200":
          application/json: {"items": [{"destinationAsset": {"assetName": "myhostname.company.com", "type": "<value>"}, "sourceAsset": {"assetName": "myhostname.company.com", "type": "<value>"}}, {"destinationAsset": {"assetName": "myhostname.company.com", "type": "<value>"}, "sourceAsset": {"assetName": "myhostname.company.com", "type": "<value>"}}, {"destinationAsset": {"assetName": "myhostname.company.com", "type": "<value>"}, "sourceAsset": {"assetName": "myhostname.company.com", "type": "<value>"}}]}
        "400":
          application/json: {"message": "Invalid Input", "status": 400}
        "500":
          application/json: {"message": "Invalid Input", "status": 400}
  ListPaths:
    speakeasy-default-list-paths:
      requestBody:
        application/json: {"criteria": "<value>"}
      responses:
        "200":
          application/json: {"items": [{"destinationAsset": {"assetName": "myhostname.company.com", "type": "<value>"}, "sourceAsset": {"assetName": "myhostname.company.com", "type": "<value>"}}, {"destinationAsset": {"assetName": "myhostname.company.com", "type": "<value>"}, "sourceAsset": {"assetName": "myhostname.company.com", "type": "<value>"}}]}
        "400":
          application/json: {"message": "Invalid Input", "status": 400}
        "500":
          application/json: {"message": "Invalid Input", "status": 400}
  ReviewPath:
    speakeasy-default-review-path:
      parameters:
        path:
          pathId: "<id>"
      requestBody:
        application/json: {"toState": "<value>"}
      responses:
        "400":
          application/json: {"message": "Invalid Input", "status": 400}
        "500":
          application/json: {"message": "Invalid Input", "status": 400}
  BulkReviewPaths:
    speakeasy-default-bulk-review-paths:
      requestBody:
        application/json: {"criteria": "<value>", "toState": "<value>"}
      responses:
        "400":
          application/json: {"message": "Invalid Input", "status": 400}
        "500":
          application/json: {"message": "Invalid Input", "status": 400}
  ListPathNamedNetworkRecommendations:
    speakeasy-default-list-path-named-network-recommendations:
      requestBody:
        application/json: {"criteria": "<value>"}
      responses:
        "400":
          application/json: {"message": "Invalid Input", "status": 400}
        "500":
          application/json: {"message": "Invalid Input", "status": 400}
  ListAssetTags:
    speakeasy-default-list-asset-tags:
      parameters:
        path:
          assetId: "<id>"
        query: {}
      responses:
        "200":
          application/json: {"items": [{"key": "Environment", "value": "Development"}]}
        "400":
          application/json: {"message": "Invalid Input", "status": 400}
        "500":
          application/json: {"message": "Invalid Input", "status": 400}
  GetAssetTag:
    speakeasy-default-get-asset-tag:
      parameters:
        path:
          assetId: "<id>"
          tagId: "<id>"
      responses:
        "200":
          application/json: {"key": "Environment", "value": "Development"}
        "400":
          application/json: {"message": "Invalid Input", "status": 400}
        "500":
          application/json: {"message": "Invalid Input", "status": 400}
  ListTags:
    speakeasy-default-list-tags:
      responses:
        "200":
          application/json: {"items": [{"key": "Environment", "value": "Development"}, {"key": "Environment", "value": "Development"}]}
        "400":
          application/json: {"message": "Invalid Input", "status": 400}
        "500":
          application/json: {"message": "Invalid Input", "status": 400}
  GetTag:
    speakeasy-default-get-tag:
      parameters:
        path:
          tagId: "<id>"
      responses:
        "200":
          application/json: {"key": "Environment", "value": "Development"}
        "400":
          application/json: {"message": "Invalid Input", "status": 400}
        "500":
          application/json: {"message": "Invalid Input", "status": 400}
  DeleteTag:
    speakeasy-default-delete-tag:
      parameters:
        path:
          tagId: "<id>"
      responses:
        "200":
          application/json: {"key": "Environment", "value": "Development"}
        "400":
          application/json: {"message": "Invalid Input", "status": 400}
        "500":
          application/json: {"message": "Invalid Input", "status": 400}
  ApplyNamedNetwork:
    speakeasy-default-apply-named-network:
      parameters:
        path:
          namednetworkid: "<id>"
          assetid: "<id>"
      requestBody:
        application/json: {}
      responses:
        "400":
          application/json: {"message": "Invalid Input", "status": 400}
        "500":
          application/json: {"message": "Invalid Input", "status": 400}
  RevertNamedNetwork:
    speakeasy-default-revert-named-network:
      parameters:
        path:
          namednetworkid: "<id>"
          assetid: "<id>"
      requestBody:
        application/json: {}
      responses:
        "400":
          application/json: {"message": "Invalid Input", "status": 400}
        "500":
          application/json: {"message": "Invalid Input", "status": 400}
  BulkNamedNetworkApply:
    speakeasy-default-bulk-named-network-apply:
      requestBody:
        application/json: {"criteria": "<value>"}
      responses:
        "400":
          application/json: {"message": "Invalid Input", "status": 400}
        "500":
          application/json: {"message": "Invalid Input", "status": 400}
  BulkNamedNetworkUnApply:
    speakeasy-default-bulk-named-network-un-apply:
      requestBody:
        application/json: {"criteria": "<value>"}
      responses:
        "400":
          application/json: {"message": "Invalid Input", "status": 400}
        "500":
          application/json: {"message": "Invalid Input", "status": 400}
  UpdateNamedNetworkMetadata:
    speakeasy-default-update-named-network-metadata:
      parameters:
        path:
          namedNetworkId: "<id>"
      requestBody:
        application/json: {}
      responses:
        "400":
          application/json: {"message": "Invalid Input", "status": 400}
        "500":
          application/json: {"message": "Invalid Input", "status": 400}
  CreateNamedNetwork:
    speakeasy-default-create-named-network:
      requestBody:
        application/json: {}
      responses:
        "400":
          application/json: {"message": "Invalid Input", "status": 400}
        "500":
          application/json: {"message": "Invalid Input", "status": 400}
  GetNamedNetwork:
    speakeasy-default-get-named-network:
      parameters:
        path:
          namedNetworkId: "<id>"
      responses:
        "400":
          application/json: {"message": "Invalid Input", "status": 400}
        "500":
          application/json: {"message": "Invalid Input", "status": 400}
  DeleteNamedNetwork:
    speakeasy-default-delete-named-network:
      parameters:
        path:
          namedNetworkId: "<id>"
      responses:
        "400":
          application/json: {"message": "Invalid Input", "status": 400}
        "500":
          application/json: {"message": "Invalid Input", "status": 400}
  AddToNamedNetwork:
    speakeasy-default-add-to-named-network:
      parameters:
        path:
          namedNetworkId: "<id>"
      requestBody:
        application/json: []
      responses:
        "400":
          application/json: {"message": "Invalid Input", "status": 400}
        "500":
          application/json: {"message": "Invalid Input", "status": 400}
  DeleteFromNamedNetwork:
    speakeasy-default-delete-from-named-network:
      parameters:
        path:
          namedNetworkId: "<id>"
      requestBody:
        application/json: []
      responses:
        "400":
          application/json: {"message": "Invalid Input", "status": 400}
        "500":
          application/json: {"message": "Invalid Input", "status": 400}
  ListNamedNetworks:
    speakeasy-default-list-named-networks:
      requestBody:
        application/json: {"criteria": "<value>"}
      responses:
        "400":
          application/json: {"message": "Invalid Input", "status": 400}
  CloneNamedNetwork:
    speakeasy-default-clone-named-network:
      requestBody:
        application/json: {}
      responses:
        "400":
          application/json: {"message": "Invalid Input", "status": 400}
        "500":
          application/json: {"message": "Invalid Input", "status": 400}
  ListNNHits:
    speakeasy-default-list-NN-hits:
      requestBody:
        application/json: {"criteria": "<value>"}
      responses:
        "400":
          application/json: {"message": "Invalid Input", "status": 400}
        "500":
          application/json: {"message": "Invalid Input", "status": 400}
  ApplyTemplate:
    speakeasy-default-apply-template:
      parameters:
        path:
          templateid: "<id>"
          assetid: "<id>"
      requestBody:
        application/json: {}
      responses:
        "400":
          application/json: {"message": "Invalid Input", "status": 400}
        "500":
          application/json: {"message": "Invalid Input", "status": 400}
  RevertTemplate:
    speakeasy-default-revert-template:
      parameters:
        path:
          templateid: "<id>"
          assetid: "<id>"
      requestBody:
        application/json: {}
      responses:
        "400":
          application/json: {"message": "Invalid Input", "status": 400}
        "500":
          application/json: {"message": "Invalid Input", "status": 400}
  BulkTemplateApply:
    speakeasy-default-bulk-template-apply:
      requestBody:
        application/json: {"criteria": "<value>"}
      responses:
        "400":
          application/json: {"message": "Invalid Input", "status": 400}
        "500":
          application/json: {"message": "Invalid Input", "status": 400}
  BulkTemplateUnApply:
    speakeasy-default-bulk-template-un-apply:
      requestBody:
        application/json: {"criteria": "<value>"}
      responses:
        "400":
          application/json: {"message": "Invalid Input", "status": 400}
        "500":
          application/json: {"message": "Invalid Input", "status": 400}
  CreateTemplate:
    speakeasy-default-create-template:
      requestBody:
        application/json: {}
      responses:
        "400":
          application/json: {"message": "Invalid Input", "status": 400}
        "500":
          application/json: {"message": "Invalid Input", "status": 400}
  GetTemplate:
    speakeasy-default-get-template:
      parameters:
        path:
          templateid: "<id>"
      responses:
        "400":
          application/json: {"message": "Invalid Input", "status": 400}
        "500":
          application/json: {"message": "Invalid Input", "status": 400}
  EditTemplateMetadata:
    speakeasy-default-edit-template-metadata:
      parameters:
        path:
          templateid: "<id>"
      requestBody:
        application/json: {"templateType": "<value>"}
      responses:
        "400":
          application/json: {"message": "Invalid Input", "status": 400}
        "500":
          application/json: {"message": "Invalid Input", "status": 400}
  DeleteTemplate:
    speakeasy-default-delete-template:
      parameters:
        path:
          templateid: "<id>"
      responses:
        "401":
          application/json: {"message": "Invalid Input", "status": 400}
        "500":
          application/json: {"message": "Invalid Input", "status": 400}
  AppendToTemplate:
    speakeasy-default-append-to-template:
      parameters:
        path:
          templateid: "<id>"
      requestBody:
        application/json: {}
      responses:
        "400":
          application/json: {"message": "Invalid Input", "status": 400}
        "500":
          application/json: {"message": "Invalid Input", "status": 400}
  DeleteFromTemplate:
    speakeasy-default-delete-from-template:
      parameters:
        path:
          templateid: "<id>"
      requestBody:
        application/json: {}
      responses:
        "400":
          application/json: {"message": "Invalid Input", "status": 400}
        "500":
          application/json: {"message": "Invalid Input", "status": 400}
  ListTemplates:
    speakeasy-default-list-templates:
      requestBody:
        application/json: {"criteria": "<value>"}
      responses:
        "400":
          application/json: {"message": "Invalid Input", "status": 400}
        "500":
          application/json: {"message": "Invalid Input", "status": 400}
  CloneTemplate:
    speakeasy-default-clone-template:
      requestBody:
        application/json: {}
      responses:
        "400":
          application/json: {"message": "Invalid Input", "status": 400}
        "500":
          application/json: {"message": "Invalid Input", "status": 400}
  ListEvents:
    speakeasy-default-list-events:
      requestBody:
        application/json: {"criteria": "<value>"}
      responses:
        "200":
          application/json: {"items": [{"asset": {"assetName": "myhostname.company.com", "type": "<value>"}}]}
        "400":
          application/json: {"message": "Invalid Input", "status": 400}
        "500":
          application/json: {"message": "Invalid Input", "status": 400}
  ListFields:
    speakeasy-default-list-fields:
      responses:
        "400":
          application/json: {"message": "Invalid Input", "status": 400}
        "500":
          application/json: {"message": "Invalid Input", "status": 400}
  CreateField:
    speakeasy-default-create-field:
      requestBody:
        application/json: {}
      responses:
        "400":
          application/json: {"message": "Invalid Input", "status": 400}
        "500":
          application/json: {"message": "Invalid Input", "status": 400}
  DeleteField:
    speakeasy-default-delete-field:
      requestBody:
        application/json: {}
      responses:
        "400":
          application/json: {"message": "Invalid Input", "status": 400}
        "500":
          application/json: {"message": "Invalid Input", "status": 400}
  GetField:
    speakeasy-default-get-field:
      parameters:
        path:
          fieldId: "<id>"
      responses:
        "400":
          application/json: {"message": "Invalid Input", "status": 400}
        "500":
          application/json: {"message": "Invalid Input", "status": 400}
  UpdateField:
    speakeasy-default-update-field:
      parameters:
        path:
          fieldId: "<id>"
      requestBody:
        application/json: {}
      responses:
        "400":
          application/json: {"message": "Invalid Input", "status": 400}
        "500":
          application/json: {"message": "Invalid Input", "status": 400}
  ListRecommendations:
    speakeasy-default-list-recommendations:
      requestBody:
        application/json: {"criteria": "<value>"}
      responses:
        "400":
          application/json: {"message": "Invalid Input", "status": 400}
        "500":
          application/json: {"message": "Invalid Input", "status": 400}
  CreateTagBasedPolicy:
    speakeasy-default-create-tag-based-policy:
      requestBody:
        application/json: {}
      responses:
        "400":
          application/json: {"message": "Invalid Input", "status": 400}
        "500":
          application/json: {"message": "Invalid Input", "status": 400}
  GetTagBasedPolicy:
    speakeasy-default-get-tag-based-policy:
      parameters:
        path:
          tagbasedpolicyId: "<id>"
      responses:
        "400":
          application/json: {"message": "Invalid Input", "status": 400}
        "500":
          application/json: {"message": "Invalid Input", "status": 400}
  UpdateTagBasedPolicyMetadata:
    speakeasy-default-update-tag-based-policy-metadata:
      parameters:
        path:
          tagbasedpolicyId: "<id>"
      requestBody:
        application/json: {}
      responses:
        "400":
          application/json: {"message": "Invalid Input", "status": 400}
        "500":
          application/json: {"message": "Invalid Input", "status": 400}
  DeleteTagBasedPolicy:
    speakeasy-default-delete-tag-based-policy:
      parameters:
        path:
          tagbasedpolicyId: "<id>"
      responses:
        "400":
          application/json: {"message": "Invalid Input", "status": 400}
        "500":
          application/json: {"message": "Invalid Input", "status": 400}
  AutomationConfiguration:
    speakeasy-default-automation-configuration:
      parameters:
        path:
          tagbasedpolicyId: "<id>"
      responses:
        "400":
          application/json: {"message": "Invalid Input", "status": 400}
        "500":
          application/json: {"message": "Invalid Input", "status": 400}
  refreshProgressiveConfiguration:
    speakeasy-default-refresh-progressive-configuration:
      parameters:
        path:
          tagbasedpolicyId: "<id>"
      responses:
        "400":
          application/json: {"message": "Invalid Input", "status": 400}
        "500":
          application/json: {"message": "Invalid Input", "status": 400}
  ListTagBasedPolicies:
    speakeasy-default-list-tag-based-policies:
      requestBody:
        application/json: {"criteria": "<value>"}
      responses:
        "400":
          application/json: {"message": "Invalid Input", "status": 400}
        "500":
          application/json: {"message": "Invalid Input", "status": 400}
  CloneTagBasedPolicy:
    speakeasy-default-clone-tag-based-policy:
      requestBody:
        application/json: {"revisedCriteria": "<value>"}
      responses:
        "400":
          application/json: {"message": "Invalid Input", "status": 400}
        "500":
          application/json: {"message": "Invalid Input", "status": 400}
  CreateTagRule:
    speakeasy-default-create-tag-rule:
      requestBody:
        application/json: {"ruleCriteria": "<value>"}
      responses:
        "400":
          application/json: {"message": "Invalid Input", "status": 400}
        "500":
          application/json: {"message": "Invalid Input", "status": 400}
  GetTagRule:
    speakeasy-default-get-tag-rule:
      parameters:
        path:
          ruleId: "<id>"
      responses:
        "400":
          application/json: {"message": "Invalid Input", "status": 400}
        "500":
          application/json: {"message": "Invalid Input", "status": 400}
  UpdateTagRule:
    speakeasy-default-update-tag-rule:
      parameters:
        path:
          ruleId: "<id>"
      requestBody:
        application/json: {"ruleCriteria": "<value>"}
      responses:
        "400":
          application/json: {"message": "Invalid Input", "status": 400}
        "500":
          application/json: {"message": "Invalid Input", "status": 400}
  DeleteTagRule:
    speakeasy-default-delete-tag-rule:
      parameters:
        path:
          ruleId: "<id>"
      responses:
        "400":
          application/json: {"message": "Invalid Input", "status": 400}
        "500":
          application/json: {"message": "Invalid Input", "status": 400}
  GetTagRuleAssets:
    speakeasy-default-get-tag-rule-assets:
      parameters:
        path:
          ruleId: "<id>"
      responses:
        "400":
          application/json: {"message": "Invalid Input", "status": 400}
        "500":
          application/json: {"message": "Invalid Input", "status": 400}
  ListTagRules:
    speakeasy-default-list-tag-rules:
      requestBody:
        application/json: {"criteria": "<value>"}
      responses:
        "400":
          application/json: {"message": "Invalid Input", "status": 400}
        "500":
          application/json: {"message": "Invalid Input", "status": 400}
  BulkDeleteUnmanagedDevices:
    speakeasy-default-bulk-delete-unmanaged-devices:
      requestBody:
        application/json: {}
      responses:
        "400":
          application/json: {"message": "Invalid Input", "status": 400}
        "500":
          application/json: {"message": "Invalid Input", "status": 400}
  SearchUnmanagedDevices:
    speakeasy-default-search-unmanaged-devices:
      requestBody:
        application/json: {"criteria": "<value>"}
      responses:
        "400":
          application/json: {"message": "Invalid Input", "status": 400}
        "500":
          application/json: {"message": "Invalid Input", "status": 400}
  ListUsrGrpHits:
    speakeasy-default-list-usr-grp-hits:
      requestBody:
        application/json: {"criteria": "<value>"}
      responses:
        "200":
          application/json: {"items": [{"userGroup": {"assetName": "myhostname.company.com", "type": "<value>"}}]}
        "400":
          application/json: {"message": "Invalid Input", "status": 400}
        "500":
          application/json: {"message": "Invalid Input", "status": 400}
  ListWorkRequests:
    speakeasy-default-list-work-requests:
      requestBody:
        application/json: {"criteria": "<value>"}
      responses:
        "400":
          application/json: {"message": "Invalid Input", "status": 400}
        "500":
          application/json: {"message": "Invalid Input", "status": 400}
examplesVersion: 1.0.0
generatedTests: {}
