lockVersion: 2.0.0
id: 1f5ed7fa-f6dc-4b57-b963-0f26827662f8
management:
  docChecksum: 694f9c4659371b6d9f827bc1bda8ad96
  docVersion: "202202"
  speakeasyVersion: 1.325.0
  generationVersion: 2.356.0
  releaseVersion: 0.0.1
  configChecksum: a527a6b243d00b3ea9c26e4092ac29f8
features:
  terraform:
    additionalDependencies: 0.1.0
    core: 3.23.0
    globalSecurity: 2.81.6
    globalServerURLs: 2.82.1
    retries: 2.81.1
generatedFiles:
  - internal/sdk/assets.go
  - internal/sdk/openports.go
  - internal/sdk/paths.go
  - internal/sdk/tags.go
  - internal/sdk/namednetworks.go
  - internal/sdk/templates.go
  - internal/sdk/events.go
  - internal/sdk/metadata.go
  - internal/sdk/recommendations.go
  - internal/sdk/tagbasedpolicies.go
  - internal/sdk/tagrules.go
  - internal/sdk/unmanageddevice.go
  - internal/sdk/usergroups.go
  - internal/sdk/workrequests.go
  - internal/sdk/xshieldsdk.go
  - internal/sdk/models/errors/sdkerror.go
  - internal/sdk/types/bigint.go
  - internal/sdk/types/date.go
  - internal/sdk/types/datetime.go
  - internal/sdk/types/decimal.go
  - internal/sdk/types/pointers.go
  - internal/sdk/internal/utils/contenttype.go
  - internal/sdk/internal/utils/form.go
  - internal/sdk/internal/utils/headers.go
  - internal/sdk/internal/utils/json.go
  - internal/sdk/internal/utils/pathparams.go
  - internal/sdk/internal/utils/queryparams.go
  - internal/sdk/internal/utils/requestbody.go
  - internal/sdk/internal/utils/retries.go
  - internal/sdk/internal/utils/security.go
  - internal/sdk/internal/utils/utils.go
  - internal/sdk/models/operations/query.go
  - internal/sdk/models/operations/bulkdeleteassets.go
  - internal/sdk/models/operations/getasset.go
  - internal/sdk/models/operations/deleteasset.go
  - internal/sdk/models/operations/annotateasset.go
  - internal/sdk/models/operations/listfirewallrulessnapshots.go
  - internal/sdk/models/operations/uploadfirewallrules.go
  - internal/sdk/models/operations/getfirewallrules.go
  - internal/sdk/models/operations/listsecuritypatches.go
  - internal/sdk/models/operations/synchronizeassetzerotrust.go
  - internal/sdk/models/operations/listvulnerabilities.go
  - internal/sdk/models/operations/listvulnerablepackages.go
  - internal/sdk/models/operations/configurezerotrust.go
  - internal/sdk/models/operations/listassets.go
  - internal/sdk/models/operations/bulkannotateasset.go
  - internal/sdk/models/operations/listbasicassets.go
  - internal/sdk/models/operations/getassetidentity.go
  - internal/sdk/models/operations/bulksynchronizeassetzerotrust.go
  - internal/sdk/models/operations/bulkconfigurezerotrust.go
  - internal/sdk/models/operations/networkquery.go
  - internal/sdk/models/operations/listportswithchangedreview.go
  - internal/sdk/models/operations/listports.go
  - internal/sdk/models/operations/reviewport.go
  - internal/sdk/models/operations/bulkreviewports.go
  - internal/sdk/models/operations/listpathswithfirewalllogsreported.go
  - internal/sdk/models/operations/listpathswithchangedreview.go
  - internal/sdk/models/operations/listpaths.go
  - internal/sdk/models/operations/reviewpath.go
  - internal/sdk/models/operations/bulkreviewpaths.go
  - internal/sdk/models/operations/listpathnamednetworkrecommendations.go
  - internal/sdk/models/operations/listassettags.go
  - internal/sdk/models/operations/getassettag.go
  - internal/sdk/models/operations/listtags.go
  - internal/sdk/models/operations/gettag.go
  - internal/sdk/models/operations/deletetag.go
  - internal/sdk/models/operations/applynamednetwork.go
  - internal/sdk/models/operations/revertnamednetwork.go
  - internal/sdk/models/operations/bulknamednetworkapply.go
  - internal/sdk/models/operations/bulknamednetworkunapply.go
  - internal/sdk/models/operations/updatenamednetworkmetadata.go
  - internal/sdk/models/operations/createnamednetwork.go
  - internal/sdk/models/operations/getnamednetwork.go
  - internal/sdk/models/operations/deletenamednetwork.go
  - internal/sdk/models/operations/addtonamednetwork.go
  - internal/sdk/models/operations/deletefromnamednetwork.go
  - internal/sdk/models/operations/listnamednetworks.go
  - internal/sdk/models/operations/clonenamednetwork.go
  - internal/sdk/models/operations/listnnhits.go
  - internal/sdk/models/operations/applytemplate.go
  - internal/sdk/models/operations/reverttemplate.go
  - internal/sdk/models/operations/bulktemplateapply.go
  - internal/sdk/models/operations/bulktemplateunapply.go
  - internal/sdk/models/operations/createtemplate.go
  - internal/sdk/models/operations/gettemplate.go
  - internal/sdk/models/operations/edittemplatemetadata.go
  - internal/sdk/models/operations/deletetemplate.go
  - internal/sdk/models/operations/appendtotemplate.go
  - internal/sdk/models/operations/deletefromtemplate.go
  - internal/sdk/models/operations/listtemplates.go
  - internal/sdk/models/operations/clonetemplate.go
  - internal/sdk/models/operations/listevents.go
  - internal/sdk/models/operations/listfields.go
  - internal/sdk/models/operations/createfield.go
  - internal/sdk/models/operations/deletefield.go
  - internal/sdk/models/operations/getfield.go
  - internal/sdk/models/operations/updatefield.go
  - internal/sdk/models/operations/listrecommendations.go
  - internal/sdk/models/operations/createtagbasedpolicy.go
  - internal/sdk/models/operations/gettagbasedpolicy.go
  - internal/sdk/models/operations/updatetagbasedpolicymetadata.go
  - internal/sdk/models/operations/deletetagbasedpolicy.go
  - internal/sdk/models/operations/automationconfiguration.go
  - internal/sdk/models/operations/refreshprogressiveconfiguration.go
  - internal/sdk/models/operations/listtagbasedpolicies.go
  - internal/sdk/models/operations/clonetagbasedpolicy.go
  - internal/sdk/models/operations/createtagrule.go
  - internal/sdk/models/operations/gettagrule.go
  - internal/sdk/models/operations/updatetagrule.go
  - internal/sdk/models/operations/deletetagrule.go
  - internal/sdk/models/operations/gettagruleassets.go
  - internal/sdk/models/operations/listtagrules.go
  - internal/sdk/models/operations/bulkdeleteunmanageddevices.go
  - internal/sdk/models/operations/searchunmanageddevices.go
  - internal/sdk/models/operations/listusrgrphits.go
  - internal/sdk/models/operations/listworkrequests.go
  - internal/sdk/models/shared/errorresponse.go
  - internal/sdk/models/shared/metricresults.go
  - internal/sdk/models/shared/metricsearchinput.go
  - internal/sdk/models/shared/assetdetails.go
  - internal/sdk/models/shared/assetuser.go
  - internal/sdk/models/shared/assetgroup.go
  - internal/sdk/models/shared/reviewcoverage.go
  - internal/sdk/models/shared/templatereference.go
  - internal/sdk/models/shared/tag.go
  - internal/sdk/models/shared/metadatanamednetworkreference.go
  - internal/sdk/models/shared/networkinterface.go
  - internal/sdk/models/shared/pendingchanges.go
  - internal/sdk/models/shared/bulkdeleteassetsinput.go
  - internal/sdk/models/shared/assetannotationdetails.go
  - internal/sdk/models/shared/filelist.go
  - internal/sdk/models/shared/objectstorageblob.go
  - internal/sdk/models/shared/securitypatchesresults.go
  - internal/sdk/models/shared/paginationsummary.go
  - internal/sdk/models/shared/facet.go
  - internal/sdk/models/shared/devazurecomcolortokensassetpkgsecuritypatch.go
  - internal/sdk/models/shared/securitypatchsearchinput.go
  - internal/sdk/models/shared/paginationconfig.go
  - internal/sdk/models/shared/orderby.go
  - internal/sdk/models/shared/sortorder.go
  - internal/sdk/models/shared/assetsynchronization.go
  - internal/sdk/models/shared/cvedataresults.go
  - internal/sdk/models/shared/cvedata.go
  - internal/sdk/models/shared/vulnerabilitiesrequestdata.go
  - internal/sdk/models/shared/vulnerablepackagesresults.go
  - internal/sdk/models/shared/vulnerablepackagedata.go
  - internal/sdk/models/shared/assetstatetransitioninput.go
  - internal/sdk/models/shared/assetsearchresults.go
  - internal/sdk/models/shared/extendedassetsummary.go
  - internal/sdk/models/shared/searchinput.go
  - internal/sdk/models/shared/bulkassetannotationdetails.go
  - internal/sdk/models/shared/assetidinfo.go
  - internal/sdk/models/shared/assetsynchronizationsearchinput.go
  - internal/sdk/models/shared/assetstatetransitionsearchinput.go
  - internal/sdk/models/shared/networkmapsearchinput.go
  - internal/sdk/models/shared/openports.go
  - internal/sdk/models/shared/openport.go
  - internal/sdk/models/shared/assetsummary.go
  - internal/sdk/models/shared/pathsearchinput.go
  - internal/sdk/models/shared/statetransitioninput.go
  - internal/sdk/models/shared/portstatetransitionsearchinput.go
  - internal/sdk/models/shared/paths.go
  - internal/sdk/models/shared/path.go
  - internal/sdk/models/shared/pathstatetransitionsearchinput.go
  - internal/sdk/models/shared/pathsnamednetworkrecommendations.go
  - internal/sdk/models/shared/pathsnamednetworkrecommendation.go
  - internal/sdk/models/shared/pathsearchonlyinput.go
  - internal/sdk/models/shared/tags.go
  - internal/sdk/models/shared/namednetworkinput.go
  - internal/sdk/models/shared/applynamednetworksearchinput.go
  - internal/sdk/models/shared/namednetworknamednetwork.go
  - internal/sdk/models/shared/namednetworkrange.go
  - internal/sdk/models/shared/namednetworks.go
  - internal/sdk/models/shared/namednetworkclonenamednetwork.go
  - internal/sdk/models/shared/namednetworkhits.go
  - internal/sdk/models/shared/namednetworkhit.go
  - internal/sdk/models/shared/templateinput.go
  - internal/sdk/models/shared/applytemplatesearchinput.go
  - internal/sdk/models/shared/template.go
  - internal/sdk/models/shared/metadataport.go
  - internal/sdk/models/shared/metadataportstate.go
  - internal/sdk/models/shared/templatepath.go
  - internal/sdk/models/shared/metadatatagbasedpolicyreference.go
  - internal/sdk/models/shared/createtemplatedetails.go
  - internal/sdk/models/shared/metadatapath.go
  - internal/sdk/models/shared/templatesummary.go
  - internal/sdk/models/shared/templatebodywithcomment.go
  - internal/sdk/models/shared/apitemplatepayloadhashes.go
  - internal/sdk/models/shared/templates.go
  - internal/sdk/models/shared/clonetemplatedetails.go
  - internal/sdk/models/shared/eventsearchresults.go
  - internal/sdk/models/shared/event.go
  - internal/sdk/models/shared/typeaheadsuggestions.go
  - internal/sdk/models/shared/fieldsuggestion.go
  - internal/sdk/models/shared/paginationinfo.go
  - internal/sdk/models/shared/datatypestype.go
  - internal/sdk/models/shared/metadatacolumndescriptor.go
  - internal/sdk/models/shared/metadatafieldvalue.go
  - internal/sdk/models/shared/field.go
  - internal/sdk/models/shared/recommendations.go
  - internal/sdk/models/shared/recommendation.go
  - internal/sdk/models/shared/recommendationcategory.go
  - internal/sdk/models/shared/recommendationinput.go
  - internal/sdk/models/shared/tagbasedpolicy.go
  - internal/sdk/models/shared/tagbasedpolicymetadata.go
  - internal/sdk/models/shared/tagbasedpolicies.go
  - internal/sdk/models/shared/tagbasedpolicysummary.go
  - internal/sdk/models/shared/clonetagbasedpolicyinput.go
  - internal/sdk/models/shared/cloneoptions.go
  - internal/sdk/models/shared/tagrule.go
  - internal/sdk/models/shared/tagruleinput.go
  - internal/sdk/models/shared/membershiplist.go
  - internal/sdk/models/shared/tagrules.go
  - internal/sdk/models/shared/bulkdeletedevicesinput.go
  - internal/sdk/models/shared/unmanageddevicessearchresults.go
  - internal/sdk/models/shared/unmanageddevicesummary.go
  - internal/sdk/models/shared/usergrouphits.go
  - internal/sdk/models/shared/usergrouphit.go
  - internal/sdk/models/shared/workrequests.go
  - internal/sdk/models/shared/workrequestworkrequest.go
  - internal/sdk/models/shared/workrequestchangestatus.go
  - internal/sdk/models/shared/workrequestworkitemaction.go
  - internal/sdk/models/shared/security.go
  - internal/sdk/.gitignore
  - internal/sdk/models/operations/options.go
  - internal/sdk/.gitattributes
  - internal/sdk/internal/hooks/registration.go
  - internal/sdk/internal/hooks/hooks.go
  - examples/README.md
  - go.mod
  - go.sum
  - internal/planmodifiers/boolplanmodifier/suppress_diff.go
  - internal/planmodifiers/float64planmodifier/suppress_diff.go
  - internal/planmodifiers/int64planmodifier/suppress_diff.go
  - internal/planmodifiers/listplanmodifier/suppress_diff.go
  - internal/planmodifiers/mapplanmodifier/suppress_diff.go
  - internal/planmodifiers/numberplanmodifier/suppress_diff.go
  - internal/planmodifiers/objectplanmodifier/suppress_diff.go
  - internal/planmodifiers/setplanmodifier/suppress_diff.go
  - internal/planmodifiers/stringplanmodifier/suppress_diff.go
  - internal/planmodifiers/utils/state_check.go
  - internal/provider/reflect/diags.go
  - internal/provider/reflect/doc.go
  - internal/provider/reflect/generic_attr_value.go
  - internal/provider/reflect/helpers.go
  - internal/provider/reflect/interfaces.go
  - internal/provider/reflect/into.go
  - internal/provider/reflect/map.go
  - internal/provider/reflect/number.go
  - internal/provider/reflect/options.go
  - internal/provider/reflect/outof.go
  - internal/provider/reflect/pointer.go
  - internal/provider/reflect/primitive.go
  - internal/provider/reflect/slice.go
  - internal/provider/reflect/struct.go
  - internal/provider/utils.go
  - internal/validators/DateValidator.go
  - internal/validators/ExactlyOneChild.go
  - internal/validators/JSONParseValidator.go
  - internal/validators/RFC3339Validator.go
  - internal/validators/boolvalidators/not_null.go
  - internal/validators/float64validators/not_null.go
  - internal/validators/int64validators/not_null.go
  - internal/validators/listvalidators/not_null.go
  - internal/validators/mapvalidators/not_null.go
  - internal/validators/numbervalidators/not_null.go
  - internal/validators/objectvalidators/not_null.go
  - internal/validators/setvalidators/not_null.go
  - internal/validators/stringvalidators/not_null.go
  - main.go
  - terraform-registry-manifest.json
  - tools/tools.go
  - internal/provider/types/namednetwork_range.go
  - USAGE.md
  - internal/provider/provider.go
  - examples/provider/provider.tf
  - examples/resources/xshield-sdk_named_network/import.sh
  - internal/provider/namednetwork_resource.go
  - internal/provider/namednetwork_resource_sdk.go
  - examples/resources/xshield-sdk_named_network/resource.tf
  - internal/provider/namednetwork_data_source.go
  - internal/provider/namednetwork_data_source_sdk.go
  - examples/data-sources/xshield-sdk_named_network/data-source.tf
  - .gitattributes
