speakeasyVersion: 1.325.0
sources:
    x-shield-api:
        sourceNamespace: x-shield-api
        sourceRevisionDigest: sha256:aa6333c1666d97ee5948c28ba0c5826b7352d376b402b88ffc7035f518f72683
        sourceBlobDigest: sha256:e7e2d7d3e628b73e8d8be6b3a2919ea4cb5034c8b9e00293e4e1adf1f3155282
        tags:
            - latest
targets:
    xshield-sdk:
        source: x-shield-api
        sourceNamespace: x-shield-api
        sourceRevisionDigest: sha256:aa6333c1666d97ee5948c28ba0c5826b7352d376b402b88ffc7035f518f72683
        sourceBlobDigest: sha256:e7e2d7d3e628b73e8d8be6b3a2919ea4cb5034c8b9e00293e4e1adf1f3155282
        outLocation: /Users/wowen/gitsrc/terraform-provider-xshield-sdk-terraform
workflow:
    workflowVersion: 1.0.0
    speakeasyVersion: latest
    sources:
        x-shield-api:
            inputs:
                - location: ../../Downloads/xshield_oas3.yaml
            registry:
                location: registry.speakeasyapi.dev/colortokens/colortokens/x-shield-api
    targets:
        xshield-sdk:
            target: terraform
            source: x-shield-api
