speakeasyVersion: 1.502.0
sources:
    x-shield-api:
        sourceNamespace: x-shield-api
        sourceRevisionDigest: sha256:c348fc3f57f4a08b4ce7f06cfa37b3d91acf253ddbee64b8bc0064bb5bffa5d6
        sourceBlobDigest: sha256:48c8c3724a3cee1345a73e9cf55f6cfb8ec48a0ea1536e21dfed8509d4006dff
        tags:
            - latest
            - speakeasy-sdk-regen-1740454441
            - "202202"
targets:
    xshield-sdk:
        source: x-shield-api
        sourceNamespace: x-shield-api
        sourceRevisionDigest: sha256:c348fc3f57f4a08b4ce7f06cfa37b3d91acf253ddbee64b8bc0064bb5bffa5d6
        sourceBlobDigest: sha256:48c8c3724a3cee1345a73e9cf55f6cfb8ec48a0ea1536e21dfed8509d4006dff
workflow:
    workflowVersion: 1.0.0
    speakeasyVersion: latest
    sources:
        x-shield-api:
            inputs:
                - location: ./xshield_oas3.yaml
            registry:
                location: registry.speakeasyapi.dev/colortokens/colortokens/x-shield-api
    targets:
        xshield-sdk:
            target: terraform
            source: x-shield-api
